
Microsoft Visual Studio Solution File, Format Version 12.00
# Visual Studio Version 17
VisualStudioVersion = 17.11.35327.3
MinimumVisualStudioVersion = 10.0.40219.1
Project("{9A19103F-16F7-4668-BE54-9A1E7A4F7556}") = "TaskWebAPI", "TaskWebAPI\TaskWebAPI.csproj", "{B5643FC4-3D37-4C47-AF7F-1380F9918497}"
EndProject
Project("{FAE04EC0-301F-11D3-BF4B-00C04F79EFBC}") = "TaskWebApiTests", "TaskWebApiTests\TaskWebApiTests.csproj", "{06DB46AC-A6E5-41DF-93A6-5150B5568631}"
EndProject
Global
	GlobalSection(SolutionConfigurationPlatforms) = preSolution
		Debug|Any CPU = Debug|Any CPU
		Release|Any CPU = Release|Any CPU
	EndGlobalSection
	GlobalSection(ProjectConfigurationPlatforms) = postSolution
		{B5643FC4-3D37-4C47-AF7F-1380F9918497}.Debug|Any CPU.ActiveCfg = Debug|Any CPU
		{B5643FC4-3D37-4C47-AF7F-1380F9918497}.Debug|Any CPU.Build.0 = Debug|Any CPU
		{B5643FC4-3D37-4C47-AF7F-1380F9918497}.Release|Any CPU.ActiveCfg = Release|Any CPU
		{B5643FC4-3D37-4C47-AF7F-1380F9918497}.Release|Any CPU.Build.0 = Release|Any CPU
		{06DB46AC-A6E5-41DF-93A6-5150B5568631}.Debug|Any CPU.ActiveCfg = Debug|Any CPU
		{06DB46AC-A6E5-41DF-93A6-5150B5568631}.Debug|Any CPU.Build.0 = Debug|Any CPU
		{06DB46AC-A6E5-41DF-93A6-5150B5568631}.Release|Any CPU.ActiveCfg = Release|Any CPU
		{06DB46AC-A6E5-41DF-93A6-5150B5568631}.Release|Any CPU.Build.0 = Release|Any CPU
	EndGlobalSection
	GlobalSection(SolutionProperties) = preSolution
		HideSolutionNode = FALSE
	EndGlobalSection
	GlobalSection(ExtensibilityGlobals) = postSolution
		SolutionGuid = {8B363E99-43BF-476B-8F13-84DFEBD12872}
	EndGlobalSection
EndGlobal
